
Microsoft Visual Studio Solution File, Format Version 12.00
# Visual Studio Version 17
VisualStudioVersion = 17.11.35222.181
MinimumVisualStudioVersion = 10.0.40219.1
Project("{FAE04EC0-301F-11D3-BF4B-00C04F79EFBC}") = "WinFormsApp1", "WinFormsApp1.csproj", "{08232A66-7DC9-402D-A4AE-AAB1F4417C2E}"
EndProject
Global
	GlobalSection(SolutionConfigurationPlatforms) = preSolution
		Debug|Any CPU = Debug|Any CPU
		Release|Any CPU = Release|Any CPU
	EndGlobalSection
	GlobalSection(ProjectConfigurationPlatforms) = postSolution
		{08232A66-7DC9-402D-A4AE-AAB1F4417C2E}.Debug|Any CPU.ActiveCfg = Debug|Any CPU
		{08232A66-7DC9-402D-A4AE-AAB1F4417C2E}.Debug|Any CPU.Build.0 = Debug|Any CPU
		{08232A66-7DC9-402D-A4AE-AAB1F4417C2E}.Release|Any CPU.ActiveCfg = Release|Any CPU
		{08232A66-7DC9-402D-A4AE-AAB1F4417C2E}.Release|Any CPU.Build.0 = Release|Any CPU
	EndGlobalSection
	GlobalSection(SolutionProperties) = preSolution
		HideSolutionNode = FALSE
	EndGlobalSection
	GlobalSection(ExtensibilityGlobals) = postSolution
		SolutionGuid = {62CBCB1D-2A28-447B-B413-D273395C4EE7}
	EndGlobalSection
EndGlobal
